# This file is automatically @generated by Cargo.
# It is not intended for manual editing.
version = 4

[[package]]
name = "android_bp"
version = "0.3.1"
dependencies = [
 "liblzma",
 "nom",
 "tar",
]

[[package]]
name = "android_bp_pyo3"
version = "0.3.1"
dependencies = [
 "android_bp",
 "pyo3",
]

[[package]]
name = "bitflags"
version = "2.10.0"
source = "registry+https://github.com/rust-lang/crates.io-index"
checksum = "812e12b5285cc515a9c72a5c1d3b6d46a19dac5acfef5265968c166106e31dd3"

[[package]]
name = "cc"
version = "1.2.55"
source = "registry+https://github.com/rust-lang/crates.io-index"
checksum = "47b26a0954ae34af09b50f0de26458fa95369a0d478d8236d3f93082b219bd29"
dependencies = [
 "find-msvc-tools",
 "jobserver",
 "libc",
 "shlex",
]

[[package]]
name = "cfg-if"
version = "1.0.4"
source = "registry+https://github.com/rust-lang/crates.io-index"
checksum = "9330f8b2ff13f34540b44e946ef35111825727b38d33286ef986142615121801"

[[package]]
name = "errno"
version = "0.3.14"
source = "registry+https://github.com/rust-lang/crates.io-index"
checksum = "39cab71617ae0d63f51a36d69f866391735b51691dbda63cf6f96d042b63efeb"
dependencies = [
 "libc",
 "windows-sys",
]

[[package]]
name = "filetime"
version = "0.2.27"
source = "registry+https://github.com/rust-lang/crates.io-index"
checksum = "f98844151eee8917efc50bd9e8318cb963ae8b297431495d3f758616ea5c57db"
dependencies = [
 "cfg-if",
 "libc",
 "libredox",
]

[[package]]
name = "find-msvc-tools"
version = "0.1.9"
source = "registry+https://github.com/rust-lang/crates.io-index"
checksum = "5baebc0774151f905a1a2cc41989300b1e6fbb29aff0ceffa1064fdd3088d582"

[[package]]
name = "getrandom"
version = "0.3.4"
source = "registry+https://github.com/rust-lang/crates.io-index"
checksum = "899def5c37c4fd7b2664648c28120ecec138e4d395b459e5ca34f9cce2dd77fd"
dependencies = [
 "cfg-if",
 "libc",
 "r-efi",
 "wasip2",
]

[[package]]
name = "heck"
version = "0.5.0"
source = "registry+https://github.com/rust-lang/crates.io-index"
checksum = "2304e00983f87ffb38b55b444b5e3b60a884b5d30c0fca7d82fe33449bbe55ea"

[[package]]
name = "jobserver"
version = "0.1.34"
source = "registry+https://github.com/rust-lang/crates.io-index"
checksum = "9afb3de4395d6b3e67a780b6de64b51c978ecf11cb9a462c66be7d4ca9039d33"
dependencies = [
 "getrandom",
 "libc",
]

[[package]]
name = "libc"
version = "0.2.181"
source = "registry+https://github.com/rust-lang/crates.io-index"
checksum = "459427e2af2b9c839b132acb702a1c654d95e10f8c326bfc2ad11310e458b1c5"

[[package]]
name = "liblzma"
version = "0.4.5"
source = "registry+https://github.com/rust-lang/crates.io-index"
checksum = "73c36d08cad03a3fbe2c4e7bb3a9e84c57e4ee4135ed0b065cade3d98480c648"
dependencies = [
 "liblzma-sys",
]

[[package]]
name = "liblzma-sys"
version = "0.4.5"
source = "registry+https://github.com/rust-lang/crates.io-index"
checksum = "9f2db66f3268487b5033077f266da6777d057949b8f93c8ad82e441df25e6186"
dependencies = [
 "cc",
 "libc",
 "pkg-config",
]

[[package]]
name = "libredox"
version = "0.1.12"
source = "registry+https://github.com/rust-lang/crates.io-index"
checksum = "3d0b95e02c851351f877147b7deea7b1afb1df71b63aa5f8270716e0c5720616"
dependencies = [
 "bitflags",
 "libc",
 "redox_syscall",
]

[[package]]
name = "linux-raw-sys"
version = "0.11.0"
source = "registry+https://github.com/rust-lang/crates.io-index"
checksum = "df1d3c3b53da64cf5760482273a98e575c651a67eec7f77df96b5b642de8f039"

[[package]]
name = "memchr"
version = "2.8.0"
source = "registry+https://github.com/rust-lang/crates.io-index"
checksum = "f8ca58f447f06ed17d5fc4043ce1b10dd205e060fb3ce5b979b8ed8e59ff3f79"

[[package]]
name = "nom"
version = "8.0.0"
source = "registry+https://github.com/rust-lang/crates.io-index"
checksum = "df9761775871bdef83bee530e60050f7e54b1105350d6884eb0fb4f46c2f9405"
dependencies = [
 "memchr",
]

[[package]]
name = "once_cell"
version = "1.21.3"
source = "registry+https://github.com/rust-lang/crates.io-index"
checksum = "42f5e15c9953c5e4ccceeb2e7382a716482c34515315f7b03532b8b4e8393d2d"

[[package]]
name = "pkg-config"
version = "0.3.32"
source = "registry+https://github.com/rust-lang/crates.io-index"
checksum = "7edddbd0b52d732b21ad9a5fab5c704c14cd949e5e9a1ec5929a24fded1b904c"

[[package]]
name = "portable-atomic"
version = "1.13.1"
source = "registry+https://github.com/rust-lang/crates.io-index"
checksum = "c33a9471896f1c69cecef8d20cbe2f7accd12527ce60845ff44c153bb2a21b49"

[[package]]
name = "proc-macro2"
version = "1.0.106"
source = "registry+https://github.com/rust-lang/crates.io-index"
checksum = "8fd00f0bb2e90d81d1044c2b32617f68fcb9fa3bb7640c23e9c748e53fb30934"
dependencies = [
 "unicode-ident",
]

[[package]]
name = "pyo3"
version = "0.28.0"
source = "registry+https://github.com/rust-lang/crates.io-index"
checksum = "fcf3ccafdf54c050be48a3a086d372f77ba6615f5057211607cd30e5ac5cec6d"
dependencies = [
 "libc",
 "once_cell",
 "portable-atomic",
 "pyo3-build-config",
 "pyo3-ffi",
 "pyo3-macros",
]

[[package]]
name = "pyo3-build-config"
version = "0.28.0"
source = "registry+https://github.com/rust-lang/crates.io-index"
checksum = "972720a441c91fd9c49f212a1d2d74c6e3803b231ebc8d66c51efbd7ccab11c8"
dependencies = [
 "target-lexicon",
]

[[package]]
name = "pyo3-ffi"
version = "0.28.0"
source = "registry+https://github.com/rust-lang/crates.io-index"
checksum = "5994456d9dab8934d600d3867571b6410f24fbd6002570ad56356733eb54859b"
dependencies = [
 "libc",
 "pyo3-build-config",
]

[[package]]
name = "pyo3-macros"
version = "0.28.0"
source = "registry+https://github.com/rust-lang/crates.io-index"
checksum = "11ce9cc8d81b3c4969748807604d92b4eef363c5bb82b1a1bdb34ec6f1093a18"
dependencies = [
 "proc-macro2",
 "pyo3-macros-backend",
 "quote",
 "syn",
]

[[package]]
name = "pyo3-macros-backend"
version = "0.28.0"
source = "registry+https://github.com/rust-lang/crates.io-index"
checksum = "eaf4b60036a154d23282679b658e3cc7d88d3b8c9a40b43824785f232d2e1b98"
dependencies = [
 "heck",
 "proc-macro2",
 "pyo3-build-config",
 "quote",
 "syn",
]

[[package]]
name = "quote"
version = "1.0.44"
source = "registry+https://github.com/rust-lang/crates.io-index"
checksum = "21b2ebcf727b7760c461f091f9f0f539b77b8e87f2fd88131e7f1b433b3cece4"
dependencies = [
 "proc-macro2",
]

[[package]]
name = "r-efi"
version = "5.3.0"
source = "registry+https://github.com/rust-lang/crates.io-index"
checksum = "69cdb34c158ceb288df11e18b4bd39de994f6657d83847bdffdbd7f346754b0f"

[[package]]
name = "redox_syscall"
version = "0.7.0"
source = "registry+https://github.com/rust-lang/crates.io-index"
checksum = "49f3fe0889e69e2ae9e41f4d6c4c0181701d00e4697b356fb1f74173a5e0ee27"
dependencies = [
 "bitflags",
]

[[package]]
name = "rustix"
version = "1.1.3"
source = "registry+https://github.com/rust-lang/crates.io-index"
checksum = "146c9e247ccc180c1f61615433868c99f3de3ae256a30a43b49f67c2d9171f34"
dependencies = [
 "bitflags",
 "errno",
 "libc",
 "linux-raw-sys",
 "windows-sys",
]

[[package]]
name = "shlex"
version = "1.3.0"
source = "registry+https://github.com/rust-lang/crates.io-index"
checksum = "0fda2ff0d084019ba4d7c6f371c95d8fd75ce3524c3cb8fb653a3023f6323e64"

[[package]]
name = "syn"
version = "2.0.114"
source = "registry+https://github.com/rust-lang/crates.io-index"
checksum = "d4d107df263a3013ef9b1879b0df87d706ff80f65a86ea879bd9c31f9b307c2a"
dependencies = [
 "proc-macro2",
 "quote",
 "unicode-ident",
]

[[package]]
name = "tar"
version = "0.4.44"
source = "registry+https://github.com/rust-lang/crates.io-index"
checksum = "1d863878d212c87a19c1a610eb53bb01fe12951c0501cf5a0d65f724914a667a"
dependencies = [
 "filetime",
 "libc",
 "xattr",
]

[[package]]
name = "target-lexicon"
version = "0.13.4"
source = "registry+https://github.com/rust-lang/crates.io-index"
checksum = "b1dd07eb858a2067e2f3c7155d54e929265c264e6f37efe3ee7a8d1b5a1dd0ba"

[[package]]
name = "unicode-ident"
version = "1.0.23"
source = "registry+https://github.com/rust-lang/crates.io-index"
checksum = "537dd038a89878be9b64dd4bd1b260315c1bb94f4d784956b81e27a088d9a09e"

[[package]]
name = "wasip2"
version = "1.0.2+wasi-0.2.9"
source = "registry+https://github.com/rust-lang/crates.io-index"
checksum = "9517f9239f02c069db75e65f174b3da828fe5f5b945c4dd26bd25d89c03ebcf5"
dependencies = [
 "wit-bindgen",
]

[[package]]
name = "windows-link"
version = "0.2.1"
source = "registry+https://github.com/rust-lang/crates.io-index"
checksum = "f0805222e57f7521d6a62e36fa9163bc891acd422f971defe97d64e70d0a4fe5"

[[package]]
name = "windows-sys"
version = "0.61.2"
source = "registry+https://github.com/rust-lang/crates.io-index"
checksum = "ae137229bcbd6cdf0f7b80a31df61766145077ddf49416a728b02cb3921ff3fc"
dependencies = [
 "windows-link",
]

[[package]]
name = "wit-bindgen"
version = "0.51.0"
source = "registry+https://github.com/rust-lang/crates.io-index"
checksum = "d7249219f66ced02969388cf2bb044a09756a083d0fab1e566056b04d9fbcaa5"

[[package]]
name = "xattr"
version = "1.6.1"
source = "registry+https://github.com/rust-lang/crates.io-index"
checksum = "32e45ad4206f6d2479085147f02bc2ef834ac85886624a23575ae137c8aa8156"
dependencies = [
 "libc",
 "rustix",
]
